
Microsoft Visual Studio Solution File, Format Version 12.00
# Visual Studio Version 17
VisualStudioVersion = 17.13.35931.197
MinimumVisualStudioVersion = 10.0.40219.1
Project("{FAE04EC0-301F-11D3-BF4B-00C04F79EFBC}") = "Aritiafel", "Aritiafel\Aritiafel.csproj", "{89C55674-EFFB-4EF1-B7EA-4FBE0C082300}"
EndProject
Project("{FAE04EC0-301F-11D3-BF4B-00C04F79EFBC}") = "AritiafelTest", "AritiafelTest\AritiafelTest.csproj", "{7DACFB57-23A6-4F92-BF1C-E5280D848D48}"
EndProject
Global
	GlobalSection(SolutionConfigurationPlatforms) = preSolution
		Debug|Any CPU = Debug|Any CPU
		Release|Any CPU = Release|Any CPU
	EndGlobalSection
	GlobalSection(ProjectConfigurationPlatforms) = postSolution
		{89C55674-EFFB-4EF1-B7EA-4FBE0C082300}.Debug|Any CPU.ActiveCfg = Debug|Any CPU
		{89C55674-EFFB-4EF1-B7EA-4FBE0C082300}.Debug|Any CPU.Build.0 = Debug|Any CPU
		{89C55674-EFFB-4EF1-B7EA-4FBE0C082300}.Release|Any CPU.ActiveCfg = Release|Any CPU
		{89C55674-EFFB-4EF1-B7EA-4FBE0C082300}.Release|Any CPU.Build.0 = Release|Any CPU
		{7DACFB57-23A6-4F92-BF1C-E5280D848D48}.Debug|Any CPU.ActiveCfg = Debug|Any CPU
		{7DACFB57-23A6-4F92-BF1C-E5280D848D48}.Debug|Any CPU.Build.0 = Debug|Any CPU
		{7DACFB57-23A6-4F92-BF1C-E5280D848D48}.Release|Any CPU.ActiveCfg = Release|Any CPU
		{7DACFB57-23A6-4F92-BF1C-E5280D848D48}.Release|Any CPU.Build.0 = Release|Any CPU
	EndGlobalSection
	GlobalSection(SolutionProperties) = preSolution
		HideSolutionNode = FALSE
	EndGlobalSection
	GlobalSection(ExtensibilityGlobals) = postSolution
		SolutionGuid = {0990DEFA-EB2D-4713-8171-ACCCBE645358}
	EndGlobalSection
EndGlobal
